
Microsoft Visual Studio Solution File, Format Version 12.00
# Visual Studio 15
VisualStudioVersion = 15.0.27004.2008
MinimumVisualStudioVersion = 10.0.40219.1
Project("{FAE04EC0-301F-11D3-BF4B-00C04F79EFBC}") = "ChromePanelDataFeed", "ChromePanelDataFeed\ChromePanelDataFeed.csproj", "{EEC90CAA-6CEE-4E3C-BE3C-0DFA80C9BA0B}"
EndProject
Global
	GlobalSection(SolutionConfigurationPlatforms) = preSolution
		Debug|Any CPU = Debug|Any CPU
		Release|Any CPU = Release|Any CPU
	EndGlobalSection
	GlobalSection(ProjectConfigurationPlatforms) = postSolution
		{EEC90CAA-6CEE-4E3C-BE3C-0DFA80C9BA0B}.Debug|Any CPU.ActiveCfg = Debug|Any CPU
		{EEC90CAA-6CEE-4E3C-BE3C-0DFA80C9BA0B}.Debug|Any CPU.Build.0 = Debug|Any CPU
		{EEC90CAA-6CEE-4E3C-BE3C-0DFA80C9BA0B}.Release|Any CPU.ActiveCfg = Release|Any CPU
		{EEC90CAA-6CEE-4E3C-BE3C-0DFA80C9BA0B}.Release|Any CPU.Build.0 = Release|Any CPU
	EndGlobalSection
	GlobalSection(SolutionProperties) = preSolution
		HideSolutionNode = FALSE
	EndGlobalSection
	GlobalSection(ExtensibilityGlobals) = postSolution
		SolutionGuid = {BFAF94D0-1CCD-4F88-92EC-46575540A5B3}
	EndGlobalSection
EndGlobal
